
Microsoft Visual Studio Solution File, Format Version 12.00
# Visual Studio 2013
VisualStudioVersion = 12.0.21005.1
MinimumVisualStudioVersion = 10.0.40219.1
Project("{FAE04EC0-301F-11D3-BF4B-00C04F79EFBC}") = "Tester.PCL", "Tester.PCL/Tester.PCL.csproj", "{07a77d7b-0a02-466c-a5a4-aeb31de088b3}"
EndProject
Project("{FAE04EC0-301F-11D3-BF4B-00C04F79EFBC}") = "Tester.Tests", "Tester.Tests/Tester.Tests.csproj", "{56623853-dae6-4e3c-8b6d-822b9e39d184}"
EndProject
Global
    GlobalSection(SolutionConfigurationPlatforms) = preSolution
        Debug|Any CPU = Debug|Any CPU
        Release|Any CPU = Release|Any CPU
    EndGlobalSection
    GlobalSection(ProjectConfigurationPlatforms) = postSolution
        {07a77d7b-0a02-466c-a5a4-aeb31de088b3}.Debug|Any CPU.ActiveCfg = Debug|Any CPU
        {07a77d7b-0a02-466c-a5a4-aeb31de088b3}.Debug|Any CPU.Build.0 = Debug|Any CPU
        {07a77d7b-0a02-466c-a5a4-aeb31de088b3}.Release|Any CPU.ActiveCfg = Release|Any CPU
        {07a77d7b-0a02-466c-a5a4-aeb31de088b3}.Release|Any CPU.Build.0 = Release|Any CPU
        {56623853-dae6-4e3c-8b6d-822b9e39d184}.Debug|Any CPU.ActiveCfg = Debug|Any CPU
        {56623853-dae6-4e3c-8b6d-822b9e39d184}.Debug|Any CPU.Build.0 = Debug|Any CPU
        {56623853-dae6-4e3c-8b6d-822b9e39d184}.Release|Any CPU.ActiveCfg = Release|Any CPU
        {56623853-dae6-4e3c-8b6d-822b9e39d184}.Release|Any CPU.Build.0 = Release|Any CPU
    EndGlobalSection
    GlobalSection(SolutionProperties) = preSolution
        HideSolutionNode = FALSE
    EndGlobalSection
EndGlobal
