
Microsoft Visual Studio Solution File, Format Version 12.00
# Visual Studio 2013
VisualStudioVersion = 12.0.21005.1
MinimumVisualStudioVersion = 10.0.40219.1
Project("{FAE04EC0-301F-11D3-BF4B-00C04F79EFBC}") = "Tester.PCL", "Tester.PCL/Tester.PCL.csproj", "{2c61722c-f6af-47d1-9f47-3bb270affacd}"
EndProject
Project("{FAE04EC0-301F-11D3-BF4B-00C04F79EFBC}") = "Tester.Tests", "Tester.Tests/Tester.Tests.csproj", "{60e9d4ae-5283-4614-be8e-438ef5d8f2cc}"
EndProject
Global
    GlobalSection(SolutionConfigurationPlatforms) = preSolution
        Debug|Any CPU = Debug|Any CPU
        Release|Any CPU = Release|Any CPU
    EndGlobalSection
    GlobalSection(ProjectConfigurationPlatforms) = postSolution
        {2c61722c-f6af-47d1-9f47-3bb270affacd}.Debug|Any CPU.ActiveCfg = Debug|Any CPU
        {2c61722c-f6af-47d1-9f47-3bb270affacd}.Debug|Any CPU.Build.0 = Debug|Any CPU
        {2c61722c-f6af-47d1-9f47-3bb270affacd}.Release|Any CPU.ActiveCfg = Release|Any CPU
        {2c61722c-f6af-47d1-9f47-3bb270affacd}.Release|Any CPU.Build.0 = Release|Any CPU
        {60e9d4ae-5283-4614-be8e-438ef5d8f2cc}.Debug|Any CPU.ActiveCfg = Debug|Any CPU
        {60e9d4ae-5283-4614-be8e-438ef5d8f2cc}.Debug|Any CPU.Build.0 = Debug|Any CPU
        {60e9d4ae-5283-4614-be8e-438ef5d8f2cc}.Release|Any CPU.ActiveCfg = Release|Any CPU
        {60e9d4ae-5283-4614-be8e-438ef5d8f2cc}.Release|Any CPU.Build.0 = Release|Any CPU
    EndGlobalSection
    GlobalSection(SolutionProperties) = preSolution
        HideSolutionNode = FALSE
    EndGlobalSection
EndGlobal
